Microsoft Visual Studio Solution File, Format Version 12.00
# Visual Studio Version 17
VisualStudioVersion = 17.5.2.0
MinimumVisualStudioVersion = 10.0.40219.1
Project("{FAE04EC0-301F-11D3-BF4B-00C04F79EFBC}") = "trab1", "trab1.csproj", "{B36DB603-A279-91AC-6806-836EDAFFF15E}"
EndProject
Global
	GlobalSection(SolutionConfigurationPlatforms) = preSolution
		Debug|Any CPU = Debug|Any CPU
		Release|Any CPU = Release|Any CPU
	EndGlobalSection
	GlobalSection(ProjectConfigurationPlatforms) = postSolution
		{B36DB603-A279-91AC-6806-836EDAFFF15E}.Debug|Any CPU.ActiveCfg = Debug|Any CPU
		{B36DB603-A279-91AC-6806-836EDAFFF15E}.Debug|Any CPU.Build.0 = Debug|Any CPU
		{B36DB603-A279-91AC-6806-836EDAFFF15E}.Release|Any CPU.ActiveCfg = Release|Any CPU
		{B36DB603-A279-91AC-6806-836EDAFFF15E}.Release|Any CPU.Build.0 = Release|Any CPU
	EndGlobalSection
	GlobalSection(SolutionProperties) = preSolution
		HideSolutionNode = FALSE
	EndGlobalSection
	GlobalSection(ExtensibilityGlobals) = postSolution
		SolutionGuid = {089CD394-9E2D-4882-A5D8-D34E1FB0A2AE}
	EndGlobalSection
EndGlobal
